
Microsoft Visual Studio Solution File, Format Version 12.00
# Visual Studio Version 17
VisualStudioVersion = 17.8.34316.72
MinimumVisualStudioVersion = 10.0.40219.1
Project("{FAE04EC0-301F-11D3-BF4B-00C04F79EFBC}") = "AOC1", "AOC1\AOC1.csproj", "{6C75EBD2-4D74-45D0-8F9D-4D8C5239E780}"
EndProject
Global
	GlobalSection(SolutionConfigurationPlatforms) = preSolution
		Debug|Any CPU = Debug|Any CPU
		Release|Any CPU = Release|Any CPU
	EndGlobalSection
	GlobalSection(ProjectConfigurationPlatforms) = postSolution
		{6C75EBD2-4D74-45D0-8F9D-4D8C5239E780}.Debug|Any CPU.ActiveCfg = Debug|Any CPU
		{6C75EBD2-4D74-45D0-8F9D-4D8C5239E780}.Debug|Any CPU.Build.0 = Debug|Any CPU
		{6C75EBD2-4D74-45D0-8F9D-4D8C5239E780}.Release|Any CPU.ActiveCfg = Release|Any CPU
		{6C75EBD2-4D74-45D0-8F9D-4D8C5239E780}.Release|Any CPU.Build.0 = Release|Any CPU
	EndGlobalSection
	GlobalSection(SolutionProperties) = preSolution
		HideSolutionNode = FALSE
	EndGlobalSection
	GlobalSection(ExtensibilityGlobals) = postSolution
		SolutionGuid = {3D6966FD-3A92-465A-9466-0536A79AA972}
	EndGlobalSection
EndGlobal
